
Microsoft Visual Studio Solution File, Format Version 12.00
# Visual Studio Version 16
VisualStudioVersion = 16.0.31424.327
MinimumVisualStudioVersion = 10.0.40219.1
Project("{FAE04EC0-301F-11D3-BF4B-00C04F79EFBC}") = "Homework_E_2", "Homework_E_2.csproj", "{97181E5A-8F31-49D7-BDB9-E62AC3AE78A4}"
EndProject
Global
	GlobalSection(SolutionConfigurationPlatforms) = preSolution
		Debug|Any CPU = Debug|Any CPU
		Release|Any CPU = Release|Any CPU
	EndGlobalSection
	GlobalSection(ProjectConfigurationPlatforms) = postSolution
		{97181E5A-8F31-49D7-BDB9-E62AC3AE78A4}.Debug|Any CPU.ActiveCfg = Debug|Any CPU
		{97181E5A-8F31-49D7-BDB9-E62AC3AE78A4}.Debug|Any CPU.Build.0 = Debug|Any CPU
		{97181E5A-8F31-49D7-BDB9-E62AC3AE78A4}.Release|Any CPU.ActiveCfg = Release|Any CPU
		{97181E5A-8F31-49D7-BDB9-E62AC3AE78A4}.Release|Any CPU.Build.0 = Release|Any CPU
	EndGlobalSection
	GlobalSection(SolutionProperties) = preSolution
		HideSolutionNode = FALSE
	EndGlobalSection
	GlobalSection(ExtensibilityGlobals) = postSolution
		SolutionGuid = {EE417BE4-6604-4FFD-86B2-D07CDD1C1C7A}
	EndGlobalSection
EndGlobal
