
Microsoft Visual Studio Solution File, Format Version 12.00
# Visual Studio Version 16
VisualStudioVersion = 16.0.31424.327
MinimumVisualStudioVersion = 10.0.40219.1
Project("{9A19103F-16F7-4668-BE54-9A1E7A4F7556}") = "Homework_E_1_task_1", "Homework_E_1_task_1.csproj", "{CFFADE95-8C5C-43CC-8CE0-3DC721199F26}"
EndProject
Project("{FAE04EC0-301F-11D3-BF4B-00C04F79EFBC}") = "Homework_E_1_task_2", "Homework_E_1_task_2\Homework_E_1_task_2.csproj", "{99A3F4CA-763E-4DF0-883D-620FAF81B646}"
EndProject
Global
	GlobalSection(SolutionConfigurationPlatforms) = preSolution
		Debug|Any CPU = Debug|Any CPU
		Release|Any CPU = Release|Any CPU
	EndGlobalSection
	GlobalSection(ProjectConfigurationPlatforms) = postSolution
		{CFFADE95-8C5C-43CC-8CE0-3DC721199F26}.Debug|Any CPU.ActiveCfg = Debug|Any CPU
		{CFFADE95-8C5C-43CC-8CE0-3DC721199F26}.Debug|Any CPU.Build.0 = Debug|Any CPU
		{CFFADE95-8C5C-43CC-8CE0-3DC721199F26}.Release|Any CPU.ActiveCfg = Release|Any CPU
		{CFFADE95-8C5C-43CC-8CE0-3DC721199F26}.Release|Any CPU.Build.0 = Release|Any CPU
		{99A3F4CA-763E-4DF0-883D-620FAF81B646}.Debug|Any CPU.ActiveCfg = Debug|Any CPU
		{99A3F4CA-763E-4DF0-883D-620FAF81B646}.Debug|Any CPU.Build.0 = Debug|Any CPU
		{99A3F4CA-763E-4DF0-883D-620FAF81B646}.Release|Any CPU.ActiveCfg = Release|Any CPU
		{99A3F4CA-763E-4DF0-883D-620FAF81B646}.Release|Any CPU.Build.0 = Release|Any CPU
	EndGlobalSection
	GlobalSection(SolutionProperties) = preSolution
		HideSolutionNode = FALSE
	EndGlobalSection
	GlobalSection(ExtensibilityGlobals) = postSolution
		SolutionGuid = {DFBB700D-0988-4078-B678-377F9194491F}
	EndGlobalSection
EndGlobal
