
Microsoft Visual Studio Solution File, Format Version 12.00
# Visual Studio Version 17
VisualStudioVersion = 17.4.33205.214
MinimumVisualStudioVersion = 10.0.40219.1
Project("{FAE04EC0-301F-11D3-BF4B-00C04F79EFBC}") = "Homework_E_11_task_1", "Homework_E_11_task_1.csproj", "{04D1B8C3-0B8E-4ADD-8432-F200F6BAEDD7}"
EndProject
Project("{FAE04EC0-301F-11D3-BF4B-00C04F79EFBC}") = "Homework_E_11_task_2", "..\Homework_E_11_task_2\Homework_E_11_task_2.csproj", "{FBE60131-DD12-41A1-BBD0-B8A7803777C9}"
EndProject
Project("{FAE04EC0-301F-11D3-BF4B-00C04F79EFBC}") = "Homework_E_11_task_3", "..\Homework_E_11_task_3\Homework_E_11_task_3.csproj", "{51C17B59-D8CA-4D41-B54C-96ABBD823048}"
EndProject
Project("{FAE04EC0-301F-11D3-BF4B-00C04F79EFBC}") = "Homework_E_11_task_4", "..\Homework_E_11_task_4\Homework_E_11_task_4.csproj", "{91001A00-D110-4594-9C3E-71CE645528C7}"
EndProject
Project("{FAE04EC0-301F-11D3-BF4B-00C04F79EFBC}") = "Homework_E_11_task_5", "..\Homework_E_11_task_5\Homework_E_11_task_5.csproj", "{C15147D1-331D-4CE4-8154-B877FDD02579}"
EndProject
Global
	GlobalSection(SolutionConfigurationPlatforms) = preSolution
		Debug|Any CPU = Debug|Any CPU
		Release|Any CPU = Release|Any CPU
	EndGlobalSection
	GlobalSection(ProjectConfigurationPlatforms) = postSolution
		{04D1B8C3-0B8E-4ADD-8432-F200F6BAEDD7}.Debug|Any CPU.ActiveCfg = Debug|Any CPU
		{04D1B8C3-0B8E-4ADD-8432-F200F6BAEDD7}.Debug|Any CPU.Build.0 = Debug|Any CPU
		{04D1B8C3-0B8E-4ADD-8432-F200F6BAEDD7}.Release|Any CPU.ActiveCfg = Release|Any CPU
		{04D1B8C3-0B8E-4ADD-8432-F200F6BAEDD7}.Release|Any CPU.Build.0 = Release|Any CPU
		{FBE60131-DD12-41A1-BBD0-B8A7803777C9}.Debug|Any CPU.ActiveCfg = Debug|Any CPU
		{FBE60131-DD12-41A1-BBD0-B8A7803777C9}.Debug|Any CPU.Build.0 = Debug|Any CPU
		{FBE60131-DD12-41A1-BBD0-B8A7803777C9}.Release|Any CPU.ActiveCfg = Release|Any CPU
		{FBE60131-DD12-41A1-BBD0-B8A7803777C9}.Release|Any CPU.Build.0 = Release|Any CPU
		{51C17B59-D8CA-4D41-B54C-96ABBD823048}.Debug|Any CPU.ActiveCfg = Debug|Any CPU
		{51C17B59-D8CA-4D41-B54C-96ABBD823048}.Debug|Any CPU.Build.0 = Debug|Any CPU
		{51C17B59-D8CA-4D41-B54C-96ABBD823048}.Release|Any CPU.ActiveCfg = Release|Any CPU
		{51C17B59-D8CA-4D41-B54C-96ABBD823048}.Release|Any CPU.Build.0 = Release|Any CPU
		{91001A00-D110-4594-9C3E-71CE645528C7}.Debug|Any CPU.ActiveCfg = Debug|Any CPU
		{91001A00-D110-4594-9C3E-71CE645528C7}.Debug|Any CPU.Build.0 = Debug|Any CPU
		{91001A00-D110-4594-9C3E-71CE645528C7}.Release|Any CPU.ActiveCfg = Release|Any CPU
		{91001A00-D110-4594-9C3E-71CE645528C7}.Release|Any CPU.Build.0 = Release|Any CPU
		{C15147D1-331D-4CE4-8154-B877FDD02579}.Debug|Any CPU.ActiveCfg = Debug|Any CPU
		{C15147D1-331D-4CE4-8154-B877FDD02579}.Debug|Any CPU.Build.0 = Debug|Any CPU
		{C15147D1-331D-4CE4-8154-B877FDD02579}.Release|Any CPU.ActiveCfg = Release|Any CPU
		{C15147D1-331D-4CE4-8154-B877FDD02579}.Release|Any CPU.Build.0 = Release|Any CPU
	EndGlobalSection
	GlobalSection(SolutionProperties) = preSolution
		HideSolutionNode = FALSE
	EndGlobalSection
	GlobalSection(ExtensibilityGlobals) = postSolution
		SolutionGuid = {43711C79-ADDA-4722-A3EF-750BA7FCB844}
	EndGlobalSection
EndGlobal
