
Microsoft Visual Studio Solution File, Format Version 12.00
# Visual Studio Version 17
VisualStudioVersion = 17.4.33205.214
MinimumVisualStudioVersion = 10.0.40219.1
Project("{FAE04EC0-301F-11D3-BF4B-00C04F79EFBC}") = "Homework_E_17_task_1", "Homework_E_17_task_1.csproj", "{FF0E1A27-7FA7-420D-BC2B-CE6BBED2BEE6}"
EndProject
Project("{FAE04EC0-301F-11D3-BF4B-00C04F79EFBC}") = "Homework_E_17_task_2", "..\Homework_E_17_task_2\Homework_E_17_task_2.csproj", "{40AEFE07-31FF-4114-8E86-8CA4DC14FC4B}"
EndProject
Project("{FAE04EC0-301F-11D3-BF4B-00C04F79EFBC}") = "Homework_E_17_task_3", "..\Homework_E_17_task_3\Homework_E_17_task_3.csproj", "{DADA97DD-4D89-4B53-9030-7D1EF9FB33FF}"
EndProject
Global
	GlobalSection(SolutionConfigurationPlatforms) = preSolution
		Debug|Any CPU = Debug|Any CPU
		Release|Any CPU = Release|Any CPU
	EndGlobalSection
	GlobalSection(ProjectConfigurationPlatforms) = postSolution
		{FF0E1A27-7FA7-420D-BC2B-CE6BBED2BEE6}.Debug|Any CPU.ActiveCfg = Debug|Any CPU
		{FF0E1A27-7FA7-420D-BC2B-CE6BBED2BEE6}.Debug|Any CPU.Build.0 = Debug|Any CPU
		{FF0E1A27-7FA7-420D-BC2B-CE6BBED2BEE6}.Release|Any CPU.ActiveCfg = Release|Any CPU
		{FF0E1A27-7FA7-420D-BC2B-CE6BBED2BEE6}.Release|Any CPU.Build.0 = Release|Any CPU
		{40AEFE07-31FF-4114-8E86-8CA4DC14FC4B}.Debug|Any CPU.ActiveCfg = Debug|Any CPU
		{40AEFE07-31FF-4114-8E86-8CA4DC14FC4B}.Debug|Any CPU.Build.0 = Debug|Any CPU
		{40AEFE07-31FF-4114-8E86-8CA4DC14FC4B}.Release|Any CPU.ActiveCfg = Release|Any CPU
		{40AEFE07-31FF-4114-8E86-8CA4DC14FC4B}.Release|Any CPU.Build.0 = Release|Any CPU
		{DADA97DD-4D89-4B53-9030-7D1EF9FB33FF}.Debug|Any CPU.ActiveCfg = Debug|Any CPU
		{DADA97DD-4D89-4B53-9030-7D1EF9FB33FF}.Debug|Any CPU.Build.0 = Debug|Any CPU
		{DADA97DD-4D89-4B53-9030-7D1EF9FB33FF}.Release|Any CPU.ActiveCfg = Release|Any CPU
		{DADA97DD-4D89-4B53-9030-7D1EF9FB33FF}.Release|Any CPU.Build.0 = Release|Any CPU
	EndGlobalSection
	GlobalSection(SolutionProperties) = preSolution
		HideSolutionNode = FALSE
	EndGlobalSection
	GlobalSection(ExtensibilityGlobals) = postSolution
		SolutionGuid = {9156D506-2169-4D16-A644-BBC753C4986C}
	EndGlobalSection
EndGlobal
