
Microsoft Visual Studio Solution File, Format Version 12.00
# Visual Studio Version 17
VisualStudioVersion = 17.4.33205.214
MinimumVisualStudioVersion = 10.0.40219.1
Project("{FAE04EC0-301F-11D3-BF4B-00C04F79EFBC}") = "Homework_E_9_task_1", "Homework_E_9_task_1.csproj", "{D510A999-9582-4B57-8614-31E917850C22}"
EndProject
Global
	GlobalSection(SolutionConfigurationPlatforms) = preSolution
		Debug|Any CPU = Debug|Any CPU
		Release|Any CPU = Release|Any CPU
	EndGlobalSection
	GlobalSection(ProjectConfigurationPlatforms) = postSolution
		{D510A999-9582-4B57-8614-31E917850C22}.Debug|Any CPU.ActiveCfg = Debug|Any CPU
		{D510A999-9582-4B57-8614-31E917850C22}.Debug|Any CPU.Build.0 = Debug|Any CPU
		{D510A999-9582-4B57-8614-31E917850C22}.Release|Any CPU.ActiveCfg = Release|Any CPU
		{D510A999-9582-4B57-8614-31E917850C22}.Release|Any CPU.Build.0 = Release|Any CPU
	EndGlobalSection
	GlobalSection(SolutionProperties) = preSolution
		HideSolutionNode = FALSE
	EndGlobalSection
	GlobalSection(ExtensibilityGlobals) = postSolution
		SolutionGuid = {35E9B83E-285A-4B61-9E37-FD9A6010BB08}
	EndGlobalSection
EndGlobal
