
Microsoft Visual Studio Solution File, Format Version 12.00
# Visual Studio Version 17
VisualStudioVersion = 17.4.33205.214
MinimumVisualStudioVersion = 10.0.40219.1
Project("{9A19103F-16F7-4668-BE54-9A1E7A4F7556}") = "Homework_E_5_task_1", "Homework_E_5_task_1.csproj", "{3732E438-7ADD-46DC-A75E-1CBF907A7F63}"
EndProject
Project("{FAE04EC0-301F-11D3-BF4B-00C04F79EFBC}") = "Homework_E_5_task_2", "..\Homework_E_5_task_2\Homework_E_5_task_2.csproj", "{46084AD0-E932-4C4B-90EA-37410EC7AB71}"
EndProject
Global
	GlobalSection(SolutionConfigurationPlatforms) = preSolution
		Debug|Any CPU = Debug|Any CPU
		Release|Any CPU = Release|Any CPU
	EndGlobalSection
	GlobalSection(ProjectConfigurationPlatforms) = postSolution
		{3732E438-7ADD-46DC-A75E-1CBF907A7F63}.Debug|Any CPU.ActiveCfg = Debug|Any CPU
		{3732E438-7ADD-46DC-A75E-1CBF907A7F63}.Debug|Any CPU.Build.0 = Debug|Any CPU
		{3732E438-7ADD-46DC-A75E-1CBF907A7F63}.Release|Any CPU.ActiveCfg = Release|Any CPU
		{3732E438-7ADD-46DC-A75E-1CBF907A7F63}.Release|Any CPU.Build.0 = Release|Any CPU
		{46084AD0-E932-4C4B-90EA-37410EC7AB71}.Debug|Any CPU.ActiveCfg = Debug|Any CPU
		{46084AD0-E932-4C4B-90EA-37410EC7AB71}.Debug|Any CPU.Build.0 = Debug|Any CPU
		{46084AD0-E932-4C4B-90EA-37410EC7AB71}.Release|Any CPU.ActiveCfg = Release|Any CPU
		{46084AD0-E932-4C4B-90EA-37410EC7AB71}.Release|Any CPU.Build.0 = Release|Any CPU
	EndGlobalSection
	GlobalSection(SolutionProperties) = preSolution
		HideSolutionNode = FALSE
	EndGlobalSection
	GlobalSection(ExtensibilityGlobals) = postSolution
		SolutionGuid = {BC0E17BF-2D2F-4029-90A0-A5FD03EA57E9}
	EndGlobalSection
EndGlobal
