
Microsoft Visual Studio Solution File, Format Version 12.00
# Visual Studio Version 17
VisualStudioVersion = 17.4.33205.214
MinimumVisualStudioVersion = 10.0.40219.1
Project("{FAE04EC0-301F-11D3-BF4B-00C04F79EFBC}") = "Homework_E_18_task_1", "Homework_E_18_task_1.csproj", "{48AC8BA1-0C8F-4B75-A757-6EC315175721}"
EndProject
Project("{FAE04EC0-301F-11D3-BF4B-00C04F79EFBC}") = "Homework_E_18_task_2", "..\Homework_E_18_task_2\Homework_E_18_task_2.csproj", "{3868A753-FE6A-484A-9F2E-16C50F9144B2}"
EndProject
Global
	GlobalSection(SolutionConfigurationPlatforms) = preSolution
		Debug|Any CPU = Debug|Any CPU
		Release|Any CPU = Release|Any CPU
	EndGlobalSection
	GlobalSection(ProjectConfigurationPlatforms) = postSolution
		{48AC8BA1-0C8F-4B75-A757-6EC315175721}.Debug|Any CPU.ActiveCfg = Debug|Any CPU
		{48AC8BA1-0C8F-4B75-A757-6EC315175721}.Debug|Any CPU.Build.0 = Debug|Any CPU
		{48AC8BA1-0C8F-4B75-A757-6EC315175721}.Release|Any CPU.ActiveCfg = Release|Any CPU
		{48AC8BA1-0C8F-4B75-A757-6EC315175721}.Release|Any CPU.Build.0 = Release|Any CPU
		{3868A753-FE6A-484A-9F2E-16C50F9144B2}.Debug|Any CPU.ActiveCfg = Debug|Any CPU
		{3868A753-FE6A-484A-9F2E-16C50F9144B2}.Debug|Any CPU.Build.0 = Debug|Any CPU
		{3868A753-FE6A-484A-9F2E-16C50F9144B2}.Release|Any CPU.ActiveCfg = Release|Any CPU
		{3868A753-FE6A-484A-9F2E-16C50F9144B2}.Release|Any CPU.Build.0 = Release|Any CPU
	EndGlobalSection
	GlobalSection(SolutionProperties) = preSolution
		HideSolutionNode = FALSE
	EndGlobalSection
	GlobalSection(ExtensibilityGlobals) = postSolution
		SolutionGuid = {B2E1FBAB-D8D6-4D8E-B8A9-24CE26E48E41}
	EndGlobalSection
EndGlobal
